
Microsoft Visual Studio Solution File, Format Version 12.00
# Visual Studio Version 17
VisualStudioVersion = 17.14.36518.9
MinimumVisualStudioVersion = 10.0.40219.1
Project("{FAE04EC0-301F-11D3-BF4B-00C04F79EFBC}") = "DenchikSportsRu", "DenchikSportsRu.csproj", "{91746791-9F1F-4DAA-9F59-70A9ED7D0E3B}"
EndProject
Global
	GlobalSection(SolutionConfigurationPlatforms) = preSolution
		Debug|Any CPU = Debug|Any CPU
		Release|Any CPU = Release|Any CPU
	EndGlobalSection
	GlobalSection(ProjectConfigurationPlatforms) = postSolution
		{91746791-9F1F-4DAA-9F59-70A9ED7D0E3B}.Debug|Any CPU.ActiveCfg = Debug|Any CPU
		{91746791-9F1F-4DAA-9F59-70A9ED7D0E3B}.Debug|Any CPU.Build.0 = Debug|Any CPU
		{91746791-9F1F-4DAA-9F59-70A9ED7D0E3B}.Release|Any CPU.ActiveCfg = Release|Any CPU
		{91746791-9F1F-4DAA-9F59-70A9ED7D0E3B}.Release|Any CPU.Build.0 = Release|Any CPU
	EndGlobalSection
	GlobalSection(SolutionProperties) = preSolution
		HideSolutionNode = FALSE
	EndGlobalSection
	GlobalSection(ExtensibilityGlobals) = postSolution
		SolutionGuid = {156495CD-FFBE-43A6-80AC-F0EBE93612CC}
	EndGlobalSection
EndGlobal
